// !$*UTF8*$!
{
	archiveVersion = 1;
	classes = {
	};
	objectVersion = 46;
	objects = {

/* Begin PBXBuildFile section */
		5836B06B1AAC7F17006F6EA1 /* BeerClass.swift in Sources */ = {isa = PBXBuildFile; fileRef = 5836B06A1AAC7F17006F6EA1 /* BeerClass.swift */; };
		584E2AC01A98C32200ABC1E7 /* AppDelegate.swift in Sources */ = {isa = PBXBuildFile; fileRef = 584E2ABF1A98C32200ABC1E7 /* AppDelegate.swift */; };
		584E2AC31A98C32300ABC1E7 /* Drink_Tracker.xcdatamodeld in Sources */ = {isa = PBXBuildFile; fileRef = 584E2AC11A98C32300ABC1E7 /* Drink_Tracker.xcdatamodeld */; };
		584E2AC51A98C32300ABC1E7 /* ViewController.swift in Sources */ = {isa = PBXBuildFile; fileRef = 584E2AC41A98C32300ABC1E7 /* ViewController.swift */; };
		584E2AC81A98C32300ABC1E7 /* Main.storyboard in Resources */ = {isa = PBXBuildFile; fileRef = 584E2AC61A98C32300ABC1E7 /* Main.storyboard */; };
		584E2ACA1A98C32300ABC1E7 /* Images.xcassets in Resources */ = {isa = PBXBuildFile; fileRef = 584E2AC91A98C32300ABC1E7 /* Images.xcassets */; };
		584E2ACD1A98C32300ABC1E7 /* LaunchScreen.xib in Resources */ = {isa = PBXBuildFile; fileRef = 584E2ACB1A98C32300ABC1E7 /* LaunchScreen.xib */; };
		584E2AD91A98C32300ABC1E7 /* Drink_TrackerTests.swift in Sources */ = {isa = PBXBuildFile; fileRef = 584E2AD81A98C32300ABC1E7 /* Drink_TrackerTests.swift */; };
		585579B21A9DEDB400BBA02D /* newWine_150_150.png in Resources */ = {isa = PBXBuildFile; fileRef = 585579B11A9DEDB300BBA02D /* newWine_150_150.png */; };
		58702A431AA1F501005DF965 /* mixer_150_150_color_correct.png in Resources */ = {isa = PBXBuildFile; fileRef = 58702A421AA1F501005DF965 /* mixer_150_150_color_correct.png */; };
		587F83F81AAE4E17003F624C /* mixed_160_160_color_correct.png in Resources */ = {isa = PBXBuildFile; fileRef = 587F83F71AAE4E17003F624C /* mixed_160_160_color_correct.png */; };
		58A01BBA1A98CBA800AB17E9 /* ResultsViewController.swift in Sources */ = {isa = PBXBuildFile; fileRef = 58A01BB91A98CBA800AB17E9 /* ResultsViewController.swift */; };
		58CA16A71A9AAF1300F4582A /* beer_150_150.png in Resources */ = {isa = PBXBuildFile; fileRef = 58CA16A61A9AAF1300F4582A /* beer_150_150.png */; };
		58CA16AD1A9AB78B00F4582A /* tumbler_150_150.png in Resources */ = {isa = PBXBuildFile; fileRef = 58CA16AC1A9AB78B00F4582A /* tumbler_150_150.png */; };
/* End PBXBuildFile section */

/* Begin PBXContainerItemProxy section */
		584E2AD31A98C32300ABC1E7 /* PBXContainerItemProxy */ = {
			isa = PBXContainerItemProxy;
			containerPortal = 584E2AB21A98C32200ABC1E7 /* Project object */;
			proxyType = 1;
			remoteGlobalIDString = 584E2AB91A98C32200ABC1E7;
			remoteInfo = "Drink Tracker";
		};
/* End PBXContainerItemProxy section */

/* Begin PBXFileReference section */
		5836B06A1AAC7F17006F6EA1 /* BeerClass.swift */ = {isa = PBXFileReference; fileEncoding = 4; lastKnownFileType = sourcecode.swift; path = BeerClass.swift; sourceTree = "<group>"; };
		584E2ABA1A98C32200ABC1E7 /* Drink Tracker.app */ = {isa = PBXFileReference; explicitFileType = wrapper.application; includeInIndex = 0; path = "Drink Tracker.app"; sourceTree = BUILT_PRODUCTS_DIR; };
		584E2ABE1A98C32200ABC1E7 /* Info.plist */ = {isa = PBXFileReference; lastKnownFileType = text.plist.xml; path = Info.plist; sourceTree = "<group>"; };
		584E2ABF1A98C32200ABC1E7 /* AppDelegate.swift */ = {isa = PBXFileReference; lastKnownFileType = sourcecode.swift; path = AppDelegate.swift; sourceTree = "<group>"; };
		584E2AC21A98C32300ABC1E7 /* Drink_Tracker.xcdatamodel */ = {isa = PBXFileReference; lastKnownFileType = wrapper.xcdatamodel; path = Drink_Tracker.xcdatamodel; sourceTree = "<group>"; };
		584E2AC41A98C32300ABC1E7 /* ViewController.swift */ = {isa = PBXFileReference; lastKnownFileType = sourcecode.swift; path = ViewController.swift; sourceTree = "<group>"; };
		584E2AC71A98C32300ABC1E7 /* Base */ = {isa = PBXFileReference; lastKnownFileType = file.storyboard; name = Base; path = Base.lproj/Main.storyboard; sourceTree = "<group>"; };
		584E2AC91A98C32300ABC1E7 /* Images.xcassets */ = {isa = PBXFileReference; lastKnownFileType = folder.assetcatalog; path = Images.xcassets; sourceTree = "<group>"; };
		584E2ACC1A98C32300ABC1E7 /* Base */ = {isa = PBXFileReference; lastKnownFileType = file.xib; name = Base; path = Base.lproj/LaunchScreen.xib; sourceTree = "<group>"; };
		584E2AD21A98C32300ABC1E7 /* Drink TrackerTests.xctest */ = {isa = PBXFileReference; explicitFileType = wrapper.cfbundle; includeInIndex = 0; path = "Drink TrackerTests.xctest"; sourceTree = BUILT_PRODUCTS_DIR; };
		584E2AD71A98C32300ABC1E7 /* Info.plist */ = {isa = PBXFileReference; lastKnownFileType = text.plist.xml; path = Info.plist; sourceTree = "<group>"; };
		584E2AD81A98C32300ABC1E7 /* Drink_TrackerTests.swift */ = {isa = PBXFileReference; lastKnownFileType = sourcecode.swift; path = Drink_TrackerTests.swift; sourceTree = "<group>"; };
		585579B11A9DEDB300BBA02D /* newWine_150_150.png */ = {isa = PBXFileReference; lastKnownFileType = image.png; path = newWine_150_150.png; sourceTree = "<group>"; };
		58702A421AA1F501005DF965 /* mixer_150_150_color_correct.png */ = {isa = PBXFileReference; lastKnownFileType = image.png; path = mixer_150_150_color_correct.png; sourceTree = "<group>"; };
		587F83F71AAE4E17003F624C /* mixed_160_160_color_correct.png */ = {isa = PBXFileReference; lastKnownFileType = image.png; path = mixed_160_160_color_correct.png; sourceTree = "<group>"; };
		58A01BB91A98CBA800AB17E9 /* ResultsViewController.swift */ = {isa = PBXFileReference; fileEncoding = 4; lastKnownFileType = sourcecode.swift; path = ResultsViewController.swift; sourceTree = "<group>"; };
		58CA16A61A9AAF1300F4582A /* beer_150_150.png */ = {isa = PBXFileReference; lastKnownFileType = image.png; path = beer_150_150.png; sourceTree = "<group>"; };
		58CA16AC1A9AB78B00F4582A /* tumbler_150_150.png */ = {isa = PBXFileReference; lastKnownFileType = image.png; path = tumbler_150_150.png; sourceTree = "<group>"; };
/* End PBXFileReference section */

/* Begin PBXFrameworksBuildPhase section */
		584E2AB71A98C32200ABC1E7 /* Frameworks */ = {
			isa = PBXFrameworksBuildPhase;
			buildActionMask = 2147483647;
			files = (
			);
			runOnlyForDeploymentPostprocessing = 0;
		};
		584E2ACF1A98C32300ABC1E7 /* Frameworks */ = {
			isa = PBXFrameworksBuildPhase;
			buildActionMask = 2147483647;
			files = (
			);
			runOnlyForDeploymentPostprocessing = 0;
		};
/* End PBXFrameworksBuildPhase section */

/* Begin PBXGroup section */
		584E2AB11A98C32200ABC1E7 = {
			isa = PBXGroup;
			children = (
				584E2ABC1A98C32200ABC1E7 /* Drink Tracker */,
				584E2AD51A98C32300ABC1E7 /* Drink TrackerTests */,
				584E2ABB1A98C32200ABC1E7 /* Products */,
			);
			sourceTree = "<group>";
		};
		584E2ABB1A98C32200ABC1E7 /* Products */ = {
			isa = PBXGroup;
			children = (
				584E2ABA1A98C32200ABC1E7 /* Drink Tracker.app */,
				584E2AD21A98C32300ABC1E7 /* Drink TrackerTests.xctest */,
			);
			name = Products;
			sourceTree = "<group>";
		};
		584E2ABC1A98C32200ABC1E7 /* Drink Tracker */ = {
			isa = PBXGroup;
			children = (
				584E2ABF1A98C32200ABC1E7 /* AppDelegate.swift */,
				5836B06A1AAC7F17006F6EA1 /* BeerClass.swift */,
				584E2AC41A98C32300ABC1E7 /* ViewController.swift */,
				58A01BB91A98CBA800AB17E9 /* ResultsViewController.swift */,
				585579B11A9DEDB300BBA02D /* newWine_150_150.png */,
				58CA16A61A9AAF1300F4582A /* beer_150_150.png */,
				58CA16AC1A9AB78B00F4582A /* tumbler_150_150.png */,
				58702A421AA1F501005DF965 /* mixer_150_150_color_correct.png */,
				587F83F71AAE4E17003F624C /* mixed_160_160_color_correct.png */,
				584E2AC61A98C32300ABC1E7 /* Main.storyboard */,
				584E2AC91A98C32300ABC1E7 /* Images.xcassets */,
				584E2ACB1A98C32300ABC1E7 /* LaunchScreen.xib */,
				584E2AC11A98C32300ABC1E7 /* Drink_Tracker.xcdatamodeld */,
				584E2ABD1A98C32200ABC1E7 /* Supporting Files */,
			);
			path = "Drink Tracker";
			sourceTree = "<group>";
		};
		584E2ABD1A98C32200ABC1E7 /* Supporting Files */ = {
			isa = PBXGroup;
			children = (
				584E2ABE1A98C32200ABC1E7 /* Info.plist */,
			);
			name = "Supporting Files";
			sourceTree = "<group>";
		};
		584E2AD51A98C32300ABC1E7 /* Drink TrackerTests */ = {
			isa = PBXGroup;
			children = (
				584E2AD81A98C32300ABC1E7 /* Drink_TrackerTests.swift */,
				584E2AD61A98C32300ABC1E7 /* Supporting Files */,
			);
			path = "Drink TrackerTests";
			sourceTree = "<group>";
		};
		584E2AD61A98C32300ABC1E7 /* Supporting Files */ = {
			isa = PBXGroup;
			children = (
				584E2AD71A98C32300ABC1E7 /* Info.plist */,
			);
			name = "Supporting Files";
			sourceTree = "<group>";
		};
/* End PBXGroup section */

/* Begin PBXNativeTarget section */
		584E2AB91A98C32200ABC1E7 /* Drink Tracker */ = {
			isa = PBXNativeTarget;
			buildConfigurationList = 584E2ADC1A98C32300ABC1E7 /* Build configuration list for PBXNativeTarget "Drink Tracker" */;
			buildPhases = (
				584E2AB61A98C32200ABC1E7 /* Sources */,
				584E2AB71A98C32200ABC1E7 /* Frameworks */,
				584E2AB81A98C32200ABC1E7 /* Resources */,
			);
			buildRules = (
			);
			dependencies = (
			);
			name = "Drink Tracker";
			productName = "Drink Tracker";
			productReference = 584E2ABA1A98C32200ABC1E7 /* Drink Tracker.app */;
			productType = "com.apple.product-type.application";
		};
		584E2AD11A98C32300ABC1E7 /* Drink TrackerTests */ = {
			isa = PBXNativeTarget;
			buildConfigurationList = 584E2ADF1A98C32300ABC1E7 /* Build configuration list for PBXNativeTarget "Drink TrackerTests" */;
			buildPhases = (
				584E2ACE1A98C32300ABC1E7 /* Sources */,
				584E2ACF1A98C32300ABC1E7 /* Frameworks */,
				584E2AD01A98C32300ABC1E7 /* Resources */,
			);
			buildRules = (
			);
			dependencies = (
				584E2AD41A98C32300ABC1E7 /* PBXTargetDependency */,
			);
			name = "Drink TrackerTests";
			productName = "Drink TrackerTests";
			productReference = 584E2AD21A98C32300ABC1E7 /* Drink TrackerTests.xctest */;
			productType = "com.apple.product-type.bundle.unit-test";
		};
/* End PBXNativeTarget section */

/* Begin PBXProject section */
		584E2AB21A98C32200ABC1E7 /* Project object */ = {
			isa = PBXProject;
			attributes = {
				LastUpgradeCheck = 0610;
				ORGANIZATIONNAME = "Scott Minter Designs";
				TargetAttributes = {
					584E2AB91A98C32200ABC1E7 = {
						CreatedOnToolsVersion = 6.1.1;
					};
					584E2AD11A98C32300ABC1E7 = {
						CreatedOnToolsVersion = 6.1.1;
						TestTargetID = 584E2AB91A98C32200ABC1E7;
					};
				};
			};
			buildConfigurationList = 584E2AB51A98C32200ABC1E7 /* Build configuration list for PBXProject "Drink Tracker" */;
			compatibilityVersion = "Xcode 3.2";
			developmentRegion = English;
			hasScannedForEncodings = 0;
			knownRegions = (
				en,
				Base,
			);
			mainGroup = 584E2AB11A98C32200ABC1E7;
			productRefGroup = 584E2ABB1A98C32200ABC1E7 /* Products */;
			projectDirPath = "";
			projectRoot = "";
			targets = (
				584E2AB91A98C32200ABC1E7 /* Drink Tracker */,
				584E2AD11A98C32300ABC1E7 /* Drink TrackerTests */,
			);
		};
/* End PBXProject section */

/* Begin PBXResourcesBuildPhase section */
		584E2AB81A98C32200ABC1E7 /* Resources */ = {
			isa = PBXResourcesBuildPhase;
			buildActionMask = 2147483647;
			files = (
				585579B21A9DEDB400BBA02D /* newWine_150_150.png in Resources */,
				58CA16AD1A9AB78B00F4582A /* tumbler_150_150.png in Resources */,
				58702A431AA1F501005DF965 /* mixer_150_150_color_correct.png in Resources */,
				584E2AC81A98C32300ABC1E7 /* Main.storyboard in Resources */,
				587F83F81AAE4E17003F624C /* mixed_160_160_color_correct.png in Resources */,
				58CA16A71A9AAF1300F4582A /* beer_150_150.png in Resources */,
				584E2ACD1A98C32300ABC1E7 /* LaunchScreen.xib in Resources */,
				584E2ACA1A98C32300ABC1E7 /* Images.xcassets in Resources */,
			);
			runOnlyForDeploymentPostprocessing = 0;
		};
		584E2AD01A98C32300ABC1E7 /* Resources */ = {
			isa = PBXResourcesBuildPhase;
			buildActionMask = 2147483647;
			files = (
			);
			runOnlyForDeploymentPostprocessing = 0;
		};
/* End PBXResourcesBuildPhase section */

/* Begin PBXSourcesBuildPhase section */
		584E2AB61A98C32200ABC1E7 /* Sources */ = {
			isa = PBXSourcesBuildPhase;
			buildActionMask = 2147483647;
			files = (
				5836B06B1AAC7F17006F6EA1 /* BeerClass.swift in Sources */,
				584E2AC51A98C32300ABC1E7 /* ViewController.swift in Sources */,
				584E2AC01A98C32200ABC1E7 /* AppDelegate.swift in Sources */,
				584E2AC31A98C32300ABC1E7 /* Drink_Tracker.xcdatamodeld in Sources */,
				58A01BBA1A98CBA800AB17E9 /* ResultsViewController.swift in Sources */,
			);
			runOnlyForDeploymentPostprocessing = 0;
		};
		584E2ACE1A98C32300ABC1E7 /* Sources */ = {
			isa = PBXSourcesBuildPhase;
			buildActionMask = 2147483647;
			files = (
				584E2AD91A98C32300ABC1E7 /* Drink_TrackerTests.swift in Sources */,
			);
			runOnlyForDeploymentPostprocessing = 0;
		};
/* End PBXSourcesBuildPhase section */

/* Begin PBXTargetDependency section */
		584E2AD41A98C32300ABC1E7 /* PBXTargetDependency */ = {
			isa = PBXTargetDependency;
			target = 584E2AB91A98C32200ABC1E7 /* Drink Tracker */;
			targetProxy = 584E2AD31A98C32300ABC1E7 /* PBXContainerItemProxy */;
		};
/* End PBXTargetDependency section */

/* Begin PBXVariantGroup section */
		584E2AC61A98C32300ABC1E7 /* Main.storyboard */ = {
			isa = PBXVariantGroup;
			children = (
				584E2AC71A98C32300ABC1E7 /* Base */,
			);
			name = Main.storyboard;
			sourceTree = "<group>";
		};
		584E2ACB1A98C32300ABC1E7 /* LaunchScreen.xib */ = {
			isa = PBXVariantGroup;
			children = (
				584E2ACC1A98C32300ABC1E7 /* Base */,
			);
			name = LaunchScreen.xib;
			sourceTree = "<group>";
		};
/* End PBXVariantGroup section */

/* Begin XCBuildConfiguration section */
		584E2ADA1A98C32300ABC1E7 /* Debug */ = {
			isa = XCBuildConfiguration;
			buildSettings = {
				ALWAYS_SEARCH_USER_PATHS = NO;
				CLANG_CXX_LANGUAGE_STANDARD = "gnu++0x";
				CLANG_CXX_LIBRARY = "libc++";
				CLANG_ENABLE_MODULES = YES;
				CLANG_ENABLE_OBJC_ARC = YES;
				CLANG_WARN_BOOL_CONVERSION = YES;
				CLANG_WARN_CONSTANT_CONVERSION = YES;
				CLANG_WARN_DIRECT_OBJC_ISA_USAGE = YES_ERROR;
				CLANG_WARN_EMPTY_BODY = YES;
				CLANG_WARN_ENUM_CONVERSION = YES;
				CLANG_WARN_INT_CONVERSION = YES;
				CLANG_WARN_OBJC_ROOT_CLASS = YES_ERROR;
				CLANG_WARN_UNREACHABLE_CODE = YES;
				CLANG_WARN__DUPLICATE_METHOD_MATCH = YES;
				"CODE_SIGN_IDENTITY[sdk=iphoneos*]" = "iPhone Developer";
				COPY_PHASE_STRIP = NO;
				ENABLE_STRICT_OBJC_MSGSEND = YES;
				GCC_C_LANGUAGE_STANDARD = gnu99;
				GCC_DYNAMIC_NO_PIC = NO;
				GCC_OPTIMIZATION_LEVEL = 0;
				GCC_PREPROCESSOR_DEFINITIONS = (
					"DEBUG=1",
					"$(inherited)",
				);
				GCC_SYMBOLS_PRIVATE_EXTERN = NO;
				GCC_WARN_64_TO_32_BIT_CONVERSION = YES;
				GCC_WARN_ABOUT_RETURN_TYPE = YES_ERROR;
				GCC_WARN_UNDECLARED_SELECTOR = YES;
				GCC_WARN_UNINITIALIZED_AUTOS = YES_AGGRESSIVE;
				GCC_WARN_UNUSED_FUNCTION = YES;
				GCC_WARN_UNUSED_VARIABLE = YES;
				IPHONEOS_DEPLOYMENT_TARGET = 8.1;
				MTL_ENABLE_DEBUG_INFO = YES;
				ONLY_ACTIVE_ARCH = YES;
				SDKROOT = iphoneos;
				SWIFT_OPTIMIZATION_LEVEL = "-Onone";
				TARGETED_DEVICE_FAMILY = "1,2";
			};
			name = Debug;
		};
		584E2ADB1A98C32300ABC1E7 /* Release */ = {
			isa = XCBuildConfiguration;
			buildSettings = {
				ALWAYS_SEARCH_USER_PATHS = NO;
				CLANG_CXX_LANGUAGE_STANDARD = "gnu++0x";
				CLANG_CXX_LIBRARY = "libc++";
				CLANG_ENABLE_MODULES = YES;
				CLANG_ENABLE_OBJC_ARC = YES;
				CLANG_WARN_BOOL_CONVERSION = YES;
				CLANG_WARN_CONSTANT_CONVERSION = YES;
				CLANG_WARN_DIRECT_OBJC_ISA_USAGE = YES_ERROR;
				CLANG_WARN_EMPTY_BODY = YES;
				CLANG_WARN_ENUM_CONVERSION = YES;
				CLANG_WARN_INT_CONVERSION = YES;
				CLANG_WARN_OBJC_ROOT_CLASS = YES_ERROR;
				CLANG_WARN_UNREACHABLE_CODE = YES;
				CLANG_WARN__DUPLICATE_METHOD_MATCH = YES;
				"CODE_SIGN_IDENTITY[sdk=iphoneos*]" = "iPhone Developer";
				COPY_PHASE_STRIP = YES;
				ENABLE_NS_ASSERTIONS = NO;
				ENABLE_STRICT_OBJC_MSGSEND = YES;
				GCC_C_LANGUAGE_STANDARD = gnu99;
				GCC_WARN_64_TO_32_BIT_CONVERSION = YES;
				GCC_WARN_ABOUT_RETURN_TYPE = YES_ERROR;
				GCC_WARN_UNDECLARED_SELECTOR = YES;
				GCC_WARN_UNINITIALIZED_AUTOS = YES_AGGRESSIVE;
				GCC_WARN_UNUSED_FUNCTION = YES;
				GCC_WARN_UNUSED_VARIABLE = YES;
				IPHONEOS_DEPLOYMENT_TARGET = 8.1;
				MTL_ENABLE_DEBUG_INFO = NO;
				SDKROOT = iphoneos;
				TARGETED_DEVICE_FAMILY = "1,2";
				VALIDATE_PRODUCT = YES;
			};
			name = Release;
		};
		584E2ADD1A98C32300ABC1E7 /* Debug */ = {
			isa = XCBuildConfiguration;
			buildSettings = {
				ASSETCATALOG_COMPILER_APPICON_NAME = AppIcon;
				INFOPLIST_FILE = "Drink Tracker/Info.plist";
				LD_RUNPATH_SEARCH_PATHS = "$(inherited) @executable_path/Frameworks";
				PRODUCT_NAME = "$(TARGET_NAME)";
			};
			name = Debug;
		};
		584E2ADE1A98C32300ABC1E7 /* Release */ = {
			isa = XCBuildConfiguration;
			buildSettings = {
				ASSETCATALOG_COMPILER_APPICON_NAME = AppIcon;
				INFOPLIST_FILE = "Drink Tracker/Info.plist";
				LD_RUNPATH_SEARCH_PATHS = "$(inherited) @executable_path/Frameworks";
				PRODUCT_NAME = "$(TARGET_NAME)";
			};
			name = Release;
		};
		584E2AE01A98C32300ABC1E7 /* Debug */ = {
			isa = XCBuildConfiguration;
			buildSettings = {
				BUNDLE_LOADER = "$(TEST_HOST)";
				FRAMEWORK_SEARCH_PATHS = (
					"$(SDKROOT)/Developer/Library/Frameworks",
					"$(inherited)",
				);
				GCC_PREPROCESSOR_DEFINITIONS = (
					"DEBUG=1",
					"$(inherited)",
				);
				INFOPLIST_FILE = "Drink TrackerTests/Info.plist";
				LD_RUNPATH_SEARCH_PATHS = "$(inherited) @executable_path/Frameworks @loader_path/Frameworks";
				PRODUCT_NAME = "$(TARGET_NAME)";
				TEST_HOST = "$(BUILT_PRODUCTS_DIR)/Drink Tracker.app/Drink Tracker";
			};
			name = Debug;
		};
		584E2AE11A98C32300ABC1E7 /* Release */ = {
			isa = XCBuildConfiguration;
			buildSettings = {
				BUNDLE_LOADER = "$(TEST_HOST)";
				FRAMEWORK_SEARCH_PATHS = (
					"$(SDKROOT)/Developer/Library/Frameworks",
					"$(inherited)",
				);
				INFOPLIST_FILE = "Drink TrackerTests/Info.plist";
				LD_RUNPATH_SEARCH_PATHS = "$(inherited) @executable_path/Frameworks @loader_path/Frameworks";
				PRODUCT_NAME = "$(TARGET_NAME)";
				TEST_HOST = "$(BUILT_PRODUCTS_DIR)/Drink Tracker.app/Drink Tracker";
			};
			name = Release;
		};
/* End XCBuildConfiguration section */

/* Begin XCConfigurationList section */
		584E2AB51A98C32200ABC1E7 /* Build configuration list for PBXProject "Drink Tracker" */ = {
			isa = XCConfigurationList;
			buildConfigurations = (
				584E2ADA1A98C32300ABC1E7 /* Debug */,
				584E2ADB1A98C32300ABC1E7 /* Release */,
			);
			defaultConfigurationIsVisible = 0;
			defaultConfigurationName = Release;
		};
		584E2ADC1A98C32300ABC1E7 /* Build configuration list for PBXNativeTarget "Drink Tracker" */ = {
			isa = XCConfigurationList;
			buildConfigurations = (
				584E2ADD1A98C32300ABC1E7 /* Debug */,
				584E2ADE1A98C32300ABC1E7 /* Release */,
			);
			defaultConfigurationIsVisible = 0;
			defaultConfigurationName = Release;
		};
		584E2ADF1A98C32300ABC1E7 /* Build configuration list for PBXNativeTarget "Drink TrackerTests" */ = {
			isa = XCConfigurationList;
			buildConfigurations = (
				584E2AE01A98C32300ABC1E7 /* Debug */,
				584E2AE11A98C32300ABC1E7 /* Release */,
			);
			defaultConfigurationIsVisible = 0;
			defaultConfigurationName = Release;
		};
/* End XCConfigurationList section */

/* Begin XCVersionGroup section */
		584E2AC11A98C32300ABC1E7 /* Drink_Tracker.xcdatamodeld */ = {
			isa = XCVersionGroup;
			children = (
				584E2AC21A98C32300ABC1E7 /* Drink_Tracker.xcdatamodel */,
			);
			currentVersion = 584E2AC21A98C32300ABC1E7 /* Drink_Tracker.xcdatamodel */;
			path = Drink_Tracker.xcdatamodeld;
			sourceTree = "<group>";
			versionGroupType = wrapper.xcdatamodel;
		};
/* End XCVersionGroup section */
	};
	rootObject = 584E2AB21A98C32200ABC1E7 /* Project object */;
}
